
Microsoft Visual Studio Solution File, Format Version 12.00
# Visual Studio Version 17
VisualStudioVersion = 17.12.35514.174
MinimumVisualStudioVersion = 10.0.40219.1
Project("{8BC9CEB8-8B4A-11D0-8D11-00A0C91BC942}") = "01_Playing_With_Data", "01_Playing_With_Data\01_Playing_With_Data.vcxproj", "{6FC05092-E2AA-4AD6-ABD8-F8258B88DF18}"
EndProject
Project("{8BC9CEB8-8B4A-11D0-8D11-00A0C91BC942}") = "02_Control_Statement", "02_Control_Statement\02_Control_Statement.vcxproj", "{A436983B-7BD3-45CA-9929-1C552C4B75C4}"
EndProject
Project("{8BC9CEB8-8B4A-11D0-8D11-00A0C91BC942}") = "03_Function", "03_Function\03_Function.vcxproj", "{610DA327-CE09-49E7-AF8A-7478C0DC0580}"
EndProject
Project("{8BC9CEB8-8B4A-11D0-8D11-00A0C91BC942}") = "04_Pointer", "04_Pointer\04_Pointer.vcxproj", "{EAC41D92-DFF2-46F8-A5FA-9533B2BA25ED}"
EndProject
Project("{8BC9CEB8-8B4A-11D0-8D11-00A0C91BC942}") = "05_Object_Oriented_Programming", "05_Object_Oriented_Programming\05_Object_Oriented_Programming.vcxproj", "{7D2DF796-AEA0-433B-B774-F6AD9FD72399}"
EndProject
Project("{8BC9CEB8-8B4A-11D0-8D11-00A0C91BC942}") = "06_Dynamic_Memory_Allocation", "06_Dynamic_Memory_Allocation\06_Dynamic_Memory_Allocation.vcxproj", "{9B043595-2B9A-457A-B170-13E9C9B352BF}"
EndProject
Project("{8BC9CEB8-8B4A-11D0-8D11-00A0C91BC942}") = "07_Callback_Function", "07_Callback_Function\07_Callback_Function.vcxproj", "{792D861E-097D-45B9-AD54-1EF19318DA51}"
EndProject
Project("{8BC9CEB8-8B4A-11D0-8D11-00A0C91BC942}") = "08_STL", "08_STL\08_STL.vcxproj", "{C0DA8FFB-DCED-426C-BE92-4DDB55CE8C5E}"
EndProject
Project("{8BC9CEB8-8B4A-11D0-8D11-00A0C91BC942}") = "09_Modern_CPP", "09_Modern_CPP\09_Modern_CPP.vcxproj", "{23E0D177-6250-4356-9BC7-08453B27E273}"
EndProject
Global
	GlobalSection(SolutionConfigurationPlatforms) = preSolution
		Debug|x64 = Debug|x64
		Debug|x86 = Debug|x86
		Release|x64 = Release|x64
		Release|x86 = Release|x86
	EndGlobalSection
	GlobalSection(ProjectConfigurationPlatforms) = postSolution
		{6FC05092-E2AA-4AD6-ABD8-F8258B88DF18}.Debug|x64.ActiveCfg = Debug|x64
		{6FC05092-E2AA-4AD6-ABD8-F8258B88DF18}.Debug|x64.Build.0 = Debug|x64
		{6FC05092-E2AA-4AD6-ABD8-F8258B88DF18}.Debug|x86.ActiveCfg = Debug|Win32
		{6FC05092-E2AA-4AD6-ABD8-F8258B88DF18}.Debug|x86.Build.0 = Debug|Win32
		{6FC05092-E2AA-4AD6-ABD8-F8258B88DF18}.Release|x64.ActiveCfg = Release|x64
		{6FC05092-E2AA-4AD6-ABD8-F8258B88DF18}.Release|x64.Build.0 = Release|x64
		{6FC05092-E2AA-4AD6-ABD8-F8258B88DF18}.Release|x86.ActiveCfg = Release|Win32
		{6FC05092-E2AA-4AD6-ABD8-F8258B88DF18}.Release|x86.Build.0 = Release|Win32
		{A436983B-7BD3-45CA-9929-1C552C4B75C4}.Debug|x64.ActiveCfg = Debug|x64
		{A436983B-7BD3-45CA-9929-1C552C4B75C4}.Debug|x64.Build.0 = Debug|x64
		{A436983B-7BD3-45CA-9929-1C552C4B75C4}.Debug|x86.ActiveCfg = Debug|Win32
		{A436983B-7BD3-45CA-9929-1C552C4B75C4}.Debug|x86.Build.0 = Debug|Win32
		{A436983B-7BD3-45CA-9929-1C552C4B75C4}.Release|x64.ActiveCfg = Release|x64
		{A436983B-7BD3-45CA-9929-1C552C4B75C4}.Release|x64.Build.0 = Release|x64
		{A436983B-7BD3-45CA-9929-1C552C4B75C4}.Release|x86.ActiveCfg = Release|Win32
		{A436983B-7BD3-45CA-9929-1C552C4B75C4}.Release|x86.Build.0 = Release|Win32
		{610DA327-CE09-49E7-AF8A-7478C0DC0580}.Debug|x64.ActiveCfg = Debug|x64
		{610DA327-CE09-49E7-AF8A-7478C0DC0580}.Debug|x64.Build.0 = Debug|x64
		{610DA327-CE09-49E7-AF8A-7478C0DC0580}.Debug|x86.ActiveCfg = Debug|Win32
		{610DA327-CE09-49E7-AF8A-7478C0DC0580}.Debug|x86.Build.0 = Debug|Win32
		{610DA327-CE09-49E7-AF8A-7478C0DC0580}.Release|x64.ActiveCfg = Release|x64
		{610DA327-CE09-49E7-AF8A-7478C0DC0580}.Release|x64.Build.0 = Release|x64
		{610DA327-CE09-49E7-AF8A-7478C0DC0580}.Release|x86.ActiveCfg = Release|Win32
		{610DA327-CE09-49E7-AF8A-7478C0DC0580}.Release|x86.Build.0 = Release|Win32
		{EAC41D92-DFF2-46F8-A5FA-9533B2BA25ED}.Debug|x64.ActiveCfg = Debug|x64
		{EAC41D92-DFF2-46F8-A5FA-9533B2BA25ED}.Debug|x64.Build.0 = Debug|x64
		{EAC41D92-DFF2-46F8-A5FA-9533B2BA25ED}.Debug|x86.ActiveCfg = Debug|Win32
		{EAC41D92-DFF2-46F8-A5FA-9533B2BA25ED}.Debug|x86.Build.0 = Debug|Win32
		{EAC41D92-DFF2-46F8-A5FA-9533B2BA25ED}.Release|x64.ActiveCfg = Release|x64
		{EAC41D92-DFF2-46F8-A5FA-9533B2BA25ED}.Release|x64.Build.0 = Release|x64
		{EAC41D92-DFF2-46F8-A5FA-9533B2BA25ED}.Release|x86.ActiveCfg = Release|Win32
		{EAC41D92-DFF2-46F8-A5FA-9533B2BA25ED}.Release|x86.Build.0 = Release|Win32
		{7D2DF796-AEA0-433B-B774-F6AD9FD72399}.Debug|x64.ActiveCfg = Debug|x64
		{7D2DF796-AEA0-433B-B774-F6AD9FD72399}.Debug|x64.Build.0 = Debug|x64
		{7D2DF796-AEA0-433B-B774-F6AD9FD72399}.Debug|x86.ActiveCfg = Debug|Win32
		{7D2DF796-AEA0-433B-B774-F6AD9FD72399}.Debug|x86.Build.0 = Debug|Win32
		{7D2DF796-AEA0-433B-B774-F6AD9FD72399}.Release|x64.ActiveCfg = Release|x64
		{7D2DF796-AEA0-433B-B774-F6AD9FD72399}.Release|x64.Build.0 = Release|x64
		{7D2DF796-AEA0-433B-B774-F6AD9FD72399}.Release|x86.ActiveCfg = Release|Win32
		{7D2DF796-AEA0-433B-B774-F6AD9FD72399}.Release|x86.Build.0 = Release|Win32
		{9B043595-2B9A-457A-B170-13E9C9B352BF}.Debug|x64.ActiveCfg = Debug|x64
		{9B043595-2B9A-457A-B170-13E9C9B352BF}.Debug|x64.Build.0 = Debug|x64
		{9B043595-2B9A-457A-B170-13E9C9B352BF}.Debug|x86.ActiveCfg = Debug|Win32
		{9B043595-2B9A-457A-B170-13E9C9B352BF}.Debug|x86.Build.0 = Debug|Win32
		{9B043595-2B9A-457A-B170-13E9C9B352BF}.Release|x64.ActiveCfg = Release|x64
		{9B043595-2B9A-457A-B170-13E9C9B352BF}.Release|x64.Build.0 = Release|x64
		{9B043595-2B9A-457A-B170-13E9C9B352BF}.Release|x86.ActiveCfg = Release|Win32
		{9B043595-2B9A-457A-B170-13E9C9B352BF}.Release|x86.Build.0 = Release|Win32
		{792D861E-097D-45B9-AD54-1EF19318DA51}.Debug|x64.ActiveCfg = Debug|x64
		{792D861E-097D-45B9-AD54-1EF19318DA51}.Debug|x64.Build.0 = Debug|x64
		{792D861E-097D-45B9-AD54-1EF19318DA51}.Debug|x86.ActiveCfg = Debug|Win32
		{792D861E-097D-45B9-AD54-1EF19318DA51}.Debug|x86.Build.0 = Debug|Win32
		{792D861E-097D-45B9-AD54-1EF19318DA51}.Release|x64.ActiveCfg = Release|x64
		{792D861E-097D-45B9-AD54-1EF19318DA51}.Release|x64.Build.0 = Release|x64
		{792D861E-097D-45B9-AD54-1EF19318DA51}.Release|x86.ActiveCfg = Release|Win32
		{792D861E-097D-45B9-AD54-1EF19318DA51}.Release|x86.Build.0 = Release|Win32
		{C0DA8FFB-DCED-426C-BE92-4DDB55CE8C5E}.Debug|x64.ActiveCfg = Debug|x64
		{C0DA8FFB-DCED-426C-BE92-4DDB55CE8C5E}.Debug|x64.Build.0 = Debug|x64
		{C0DA8FFB-DCED-426C-BE92-4DDB55CE8C5E}.Debug|x86.ActiveCfg = Debug|Win32
		{C0DA8FFB-DCED-426C-BE92-4DDB55CE8C5E}.Debug|x86.Build.0 = Debug|Win32
		{C0DA8FFB-DCED-426C-BE92-4DDB55CE8C5E}.Release|x64.ActiveCfg = Release|x64
		{C0DA8FFB-DCED-426C-BE92-4DDB55CE8C5E}.Release|x64.Build.0 = Release|x64
		{C0DA8FFB-DCED-426C-BE92-4DDB55CE8C5E}.Release|x86.ActiveCfg = Release|Win32
		{C0DA8FFB-DCED-426C-BE92-4DDB55CE8C5E}.Release|x86.Build.0 = Release|Win32
		{23E0D177-6250-4356-9BC7-08453B27E273}.Debug|x64.ActiveCfg = Debug|x64
		{23E0D177-6250-4356-9BC7-08453B27E273}.Debug|x64.Build.0 = Debug|x64
		{23E0D177-6250-4356-9BC7-08453B27E273}.Debug|x86.ActiveCfg = Debug|Win32
		{23E0D177-6250-4356-9BC7-08453B27E273}.Debug|x86.Build.0 = Debug|Win32
		{23E0D177-6250-4356-9BC7-08453B27E273}.Release|x64.ActiveCfg = Release|x64
		{23E0D177-6250-4356-9BC7-08453B27E273}.Release|x64.Build.0 = Release|x64
		{23E0D177-6250-4356-9BC7-08453B27E273}.Release|x86.ActiveCfg = Release|Win32
		{23E0D177-6250-4356-9BC7-08453B27E273}.Release|x86.Build.0 = Release|Win32
	EndGlobalSection
	GlobalSection(SolutionProperties) = preSolution
		HideSolutionNode = FALSE
	EndGlobalSection
EndGlobal
